
Microsoft Visual Studio Solution File, Format Version 12.00
# Visual Studio Version 17
VisualStudioVersion = 17.0.31903.59
MinimumVisualStudioVersion = 10.0.40219.1
Project("{2150E333-8FDC-42A3-9474-1A3956D46DE8}") = "src", "src", "{827E0CD3-B72D-47B6-A68D-7590B98EB39B}"
EndProject
Project("{FAE04EC0-301F-11D3-BF4B-00C04F79EFBC}") = "Owlet.Core", "src\Owlet.Core\Owlet.Core.csproj", "{16A7A9C7-5746-467F-8EB9-BDE92AF26B74}"
EndProject
Project("{FAE04EC0-301F-11D3-BF4B-00C04F79EFBC}") = "Owlet.Infrastructure", "src\Owlet.Infrastructure\Owlet.Infrastructure.csproj", "{570D29F6-844C-4E14-BA2F-5E7C1E509221}"
EndProject
Project("{FAE04EC0-301F-11D3-BF4B-00C04F79EFBC}") = "Owlet.Api", "src\Owlet.Api\Owlet.Api.csproj", "{9A276F11-9F9D-4625-91B6-5E1CC4070219}"
EndProject
Project("{FAE04EC0-301F-11D3-BF4B-00C04F79EFBC}") = "Owlet.Service", "src\Owlet.Service\Owlet.Service.csproj", "{6BF24300-F56D-458E-B6BB-6F6D529DA4C9}"
EndProject
Project("{FAE04EC0-301F-11D3-BF4B-00C04F79EFBC}") = "Owlet.AppHost", "src\Owlet.AppHost\Owlet.AppHost.csproj", "{96D8F26C-C0D3-4473-954B-17A1ADA5A7CB}"
EndProject
Project("{FAE04EC0-301F-11D3-BF4B-00C04F79EFBC}") = "Owlet.ServiceDefaults", "src\Owlet.ServiceDefaults\Owlet.ServiceDefaults.csproj", "{3476FB0D-933D-4A84-9F3C-7C0B6AFFD65C}"
EndProject
Project("{2150E333-8FDC-42A3-9474-1A3956D46DE8}") = "tests", "tests", "{0AB3BF05-4346-4AA6-1389-037BE0695223}"
EndProject
Project("{FAE04EC0-301F-11D3-BF4B-00C04F79EFBC}") = "Owlet.Core.Tests", "tests\Owlet.Core.Tests\Owlet.Core.Tests.csproj", "{92D76E4A-179D-4644-9044-BFF18DAD3E54}"
EndProject
Project("{FAE04EC0-301F-11D3-BF4B-00C04F79EFBC}") = "Owlet.Api.Tests", "tests\Owlet.Api.Tests\Owlet.Api.Tests.csproj", "{41178CF5-8CD7-42B3-9841-F2F20B31CF6A}"
EndProject
Project("{FAE04EC0-301F-11D3-BF4B-00C04F79EFBC}") = "Owlet.Infrastructure.Tests", "tests\Owlet.Infrastructure.Tests\Owlet.Infrastructure.Tests.csproj", "{EFF23E89-E8F1-4D5E-AD52-D45D198B48E6}"
EndProject
Global
	GlobalSection(SolutionConfigurationPlatforms) = preSolution
		Debug|Any CPU = Debug|Any CPU
		Debug|x64 = Debug|x64
		Debug|x86 = Debug|x86
		Release|Any CPU = Release|Any CPU
		Release|x64 = Release|x64
		Release|x86 = Release|x86
	EndGlobalSection
	GlobalSection(ProjectConfigurationPlatforms) = postSolution
		{16A7A9C7-5746-467F-8EB9-BDE92AF26B74}.Debug|Any CPU.ActiveCfg = Debug|Any CPU
		{16A7A9C7-5746-467F-8EB9-BDE92AF26B74}.Debug|Any CPU.Build.0 = Debug|Any CPU
		{16A7A9C7-5746-467F-8EB9-BDE92AF26B74}.Debug|x64.ActiveCfg = Debug|Any CPU
		{16A7A9C7-5746-467F-8EB9-BDE92AF26B74}.Debug|x64.Build.0 = Debug|Any CPU
		{16A7A9C7-5746-467F-8EB9-BDE92AF26B74}.Debug|x86.ActiveCfg = Debug|Any CPU
		{16A7A9C7-5746-467F-8EB9-BDE92AF26B74}.Debug|x86.Build.0 = Debug|Any CPU
		{16A7A9C7-5746-467F-8EB9-BDE92AF26B74}.Release|Any CPU.ActiveCfg = Release|Any CPU
		{16A7A9C7-5746-467F-8EB9-BDE92AF26B74}.Release|Any CPU.Build.0 = Release|Any CPU
		{16A7A9C7-5746-467F-8EB9-BDE92AF26B74}.Release|x64.ActiveCfg = Release|Any CPU
		{16A7A9C7-5746-467F-8EB9-BDE92AF26B74}.Release|x64.Build.0 = Release|Any CPU
		{16A7A9C7-5746-467F-8EB9-BDE92AF26B74}.Release|x86.ActiveCfg = Release|Any CPU
		{16A7A9C7-5746-467F-8EB9-BDE92AF26B74}.Release|x86.Build.0 = Release|Any CPU
		{570D29F6-844C-4E14-BA2F-5E7C1E509221}.Debug|Any CPU.ActiveCfg = Debug|Any CPU
		{570D29F6-844C-4E14-BA2F-5E7C1E509221}.Debug|Any CPU.Build.0 = Debug|Any CPU
		{570D29F6-844C-4E14-BA2F-5E7C1E509221}.Debug|x64.ActiveCfg = Debug|Any CPU
		{570D29F6-844C-4E14-BA2F-5E7C1E509221}.Debug|x64.Build.0 = Debug|Any CPU
		{570D29F6-844C-4E14-BA2F-5E7C1E509221}.Debug|x86.ActiveCfg = Debug|Any CPU
		{570D29F6-844C-4E14-BA2F-5E7C1E509221}.Debug|x86.Build.0 = Debug|Any CPU
		{570D29F6-844C-4E14-BA2F-5E7C1E509221}.Release|Any CPU.ActiveCfg = Release|Any CPU
		{570D29F6-844C-4E14-BA2F-5E7C1E509221}.Release|Any CPU.Build.0 = Release|Any CPU
		{570D29F6-844C-4E14-BA2F-5E7C1E509221}.Release|x64.ActiveCfg = Release|Any CPU
		{570D29F6-844C-4E14-BA2F-5E7C1E509221}.Release|x64.Build.0 = Release|Any CPU
		{570D29F6-844C-4E14-BA2F-5E7C1E509221}.Release|x86.ActiveCfg = Release|Any CPU
		{570D29F6-844C-4E14-BA2F-5E7C1E509221}.Release|x86.Build.0 = Release|Any CPU
		{9A276F11-9F9D-4625-91B6-5E1CC4070219}.Debug|Any CPU.ActiveCfg = Debug|Any CPU
		{9A276F11-9F9D-4625-91B6-5E1CC4070219}.Debug|Any CPU.Build.0 = Debug|Any CPU
		{9A276F11-9F9D-4625-91B6-5E1CC4070219}.Debug|x64.ActiveCfg = Debug|Any CPU
		{9A276F11-9F9D-4625-91B6-5E1CC4070219}.Debug|x64.Build.0 = Debug|Any CPU
		{9A276F11-9F9D-4625-91B6-5E1CC4070219}.Debug|x86.ActiveCfg = Debug|Any CPU
		{9A276F11-9F9D-4625-91B6-5E1CC4070219}.Debug|x86.Build.0 = Debug|Any CPU
		{9A276F11-9F9D-4625-91B6-5E1CC4070219}.Release|Any CPU.ActiveCfg = Release|Any CPU
		{9A276F11-9F9D-4625-91B6-5E1CC4070219}.Release|Any CPU.Build.0 = Release|Any CPU
		{9A276F11-9F9D-4625-91B6-5E1CC4070219}.Release|x64.ActiveCfg = Release|Any CPU
		{9A276F11-9F9D-4625-91B6-5E1CC4070219}.Release|x64.Build.0 = Release|Any CPU
		{9A276F11-9F9D-4625-91B6-5E1CC4070219}.Release|x86.ActiveCfg = Release|Any CPU
		{9A276F11-9F9D-4625-91B6-5E1CC4070219}.Release|x86.Build.0 = Release|Any CPU
		{6BF24300-F56D-458E-B6BB-6F6D529DA4C9}.Debug|Any CPU.ActiveCfg = Debug|Any CPU
		{6BF24300-F56D-458E-B6BB-6F6D529DA4C9}.Debug|Any CPU.Build.0 = Debug|Any CPU
		{6BF24300-F56D-458E-B6BB-6F6D529DA4C9}.Debug|x64.ActiveCfg = Debug|Any CPU
		{6BF24300-F56D-458E-B6BB-6F6D529DA4C9}.Debug|x64.Build.0 = Debug|Any CPU
		{6BF24300-F56D-458E-B6BB-6F6D529DA4C9}.Debug|x86.ActiveCfg = Debug|Any CPU
		{6BF24300-F56D-458E-B6BB-6F6D529DA4C9}.Debug|x86.Build.0 = Debug|Any CPU
		{6BF24300-F56D-458E-B6BB-6F6D529DA4C9}.Release|Any CPU.ActiveCfg = Release|Any CPU
		{6BF24300-F56D-458E-B6BB-6F6D529DA4C9}.Release|Any CPU.Build.0 = Release|Any CPU
		{6BF24300-F56D-458E-B6BB-6F6D529DA4C9}.Release|x64.ActiveCfg = Release|Any CPU
		{6BF24300-F56D-458E-B6BB-6F6D529DA4C9}.Release|x64.Build.0 = Release|Any CPU
		{6BF24300-F56D-458E-B6BB-6F6D529DA4C9}.Release|x86.ActiveCfg = Release|Any CPU
		{6BF24300-F56D-458E-B6BB-6F6D529DA4C9}.Release|x86.Build.0 = Release|Any CPU
		{96D8F26C-C0D3-4473-954B-17A1ADA5A7CB}.Debug|Any CPU.ActiveCfg = Debug|Any CPU
		{96D8F26C-C0D3-4473-954B-17A1ADA5A7CB}.Debug|Any CPU.Build.0 = Debug|Any CPU
		{96D8F26C-C0D3-4473-954B-17A1ADA5A7CB}.Debug|x64.ActiveCfg = Debug|Any CPU
		{96D8F26C-C0D3-4473-954B-17A1ADA5A7CB}.Debug|x64.Build.0 = Debug|Any CPU
		{96D8F26C-C0D3-4473-954B-17A1ADA5A7CB}.Debug|x86.ActiveCfg = Debug|Any CPU
		{96D8F26C-C0D3-4473-954B-17A1ADA5A7CB}.Debug|x86.Build.0 = Debug|Any CPU
		{96D8F26C-C0D3-4473-954B-17A1ADA5A7CB}.Release|Any CPU.ActiveCfg = Release|Any CPU
		{96D8F26C-C0D3-4473-954B-17A1ADA5A7CB}.Release|Any CPU.Build.0 = Release|Any CPU
		{96D8F26C-C0D3-4473-954B-17A1ADA5A7CB}.Release|x64.ActiveCfg = Release|Any CPU
		{96D8F26C-C0D3-4473-954B-17A1ADA5A7CB}.Release|x64.Build.0 = Release|Any CPU
		{96D8F26C-C0D3-4473-954B-17A1ADA5A7CB}.Release|x86.ActiveCfg = Release|Any CPU
		{96D8F26C-C0D3-4473-954B-17A1ADA5A7CB}.Release|x86.Build.0 = Release|Any CPU
		{3476FB0D-933D-4A84-9F3C-7C0B6AFFD65C}.Debug|Any CPU.ActiveCfg = Debug|Any CPU
		{3476FB0D-933D-4A84-9F3C-7C0B6AFFD65C}.Debug|Any CPU.Build.0 = Debug|Any CPU
		{3476FB0D-933D-4A84-9F3C-7C0B6AFFD65C}.Debug|x64.ActiveCfg = Debug|Any CPU
		{3476FB0D-933D-4A84-9F3C-7C0B6AFFD65C}.Debug|x64.Build.0 = Debug|Any CPU
		{3476FB0D-933D-4A84-9F3C-7C0B6AFFD65C}.Debug|x86.ActiveCfg = Debug|Any CPU
		{3476FB0D-933D-4A84-9F3C-7C0B6AFFD65C}.Debug|x86.Build.0 = Debug|Any CPU
		{3476FB0D-933D-4A84-9F3C-7C0B6AFFD65C}.Release|Any CPU.ActiveCfg = Release|Any CPU
		{3476FB0D-933D-4A84-9F3C-7C0B6AFFD65C}.Release|Any CPU.Build.0 = Release|Any CPU
		{3476FB0D-933D-4A84-9F3C-7C0B6AFFD65C}.Release|x64.ActiveCfg = Release|Any CPU
		{3476FB0D-933D-4A84-9F3C-7C0B6AFFD65C}.Release|x64.Build.0 = Release|Any CPU
		{3476FB0D-933D-4A84-9F3C-7C0B6AFFD65C}.Release|x86.ActiveCfg = Release|Any CPU
		{3476FB0D-933D-4A84-9F3C-7C0B6AFFD65C}.Release|x86.Build.0 = Release|Any CPU
		{92D76E4A-179D-4644-9044-BFF18DAD3E54}.Debug|Any CPU.ActiveCfg = Debug|Any CPU
		{92D76E4A-179D-4644-9044-BFF18DAD3E54}.Debug|Any CPU.Build.0 = Debug|Any CPU
		{92D76E4A-179D-4644-9044-BFF18DAD3E54}.Debug|x64.ActiveCfg = Debug|Any CPU
		{92D76E4A-179D-4644-9044-BFF18DAD3E54}.Debug|x64.Build.0 = Debug|Any CPU
		{92D76E4A-179D-4644-9044-BFF18DAD3E54}.Debug|x86.ActiveCfg = Debug|Any CPU
		{92D76E4A-179D-4644-9044-BFF18DAD3E54}.Debug|x86.Build.0 = Debug|Any CPU
		{92D76E4A-179D-4644-9044-BFF18DAD3E54}.Release|Any CPU.ActiveCfg = Release|Any CPU
		{92D76E4A-179D-4644-9044-BFF18DAD3E54}.Release|Any CPU.Build.0 = Release|Any CPU
		{92D76E4A-179D-4644-9044-BFF18DAD3E54}.Release|x64.ActiveCfg = Release|Any CPU
		{92D76E4A-179D-4644-9044-BFF18DAD3E54}.Release|x64.Build.0 = Release|Any CPU
		{92D76E4A-179D-4644-9044-BFF18DAD3E54}.Release|x86.ActiveCfg = Release|Any CPU
		{92D76E4A-179D-4644-9044-BFF18DAD3E54}.Release|x86.Build.0 = Release|Any CPU
		{41178CF5-8CD7-42B3-9841-F2F20B31CF6A}.Debug|Any CPU.ActiveCfg = Debug|Any CPU
		{41178CF5-8CD7-42B3-9841-F2F20B31CF6A}.Debug|Any CPU.Build.0 = Debug|Any CPU
		{41178CF5-8CD7-42B3-9841-F2F20B31CF6A}.Debug|x64.ActiveCfg = Debug|Any CPU
		{41178CF5-8CD7-42B3-9841-F2F20B31CF6A}.Debug|x64.Build.0 = Debug|Any CPU
		{41178CF5-8CD7-42B3-9841-F2F20B31CF6A}.Debug|x86.ActiveCfg = Debug|Any CPU
		{41178CF5-8CD7-42B3-9841-F2F20B31CF6A}.Debug|x86.Build.0 = Debug|Any CPU
		{41178CF5-8CD7-42B3-9841-F2F20B31CF6A}.Release|Any CPU.ActiveCfg = Release|Any CPU
		{41178CF5-8CD7-42B3-9841-F2F20B31CF6A}.Release|Any CPU.Build.0 = Release|Any CPU
		{41178CF5-8CD7-42B3-9841-F2F20B31CF6A}.Release|x64.ActiveCfg = Release|Any CPU
		{41178CF5-8CD7-42B3-9841-F2F20B31CF6A}.Release|x64.Build.0 = Release|Any CPU
		{41178CF5-8CD7-42B3-9841-F2F20B31CF6A}.Release|x86.ActiveCfg = Release|Any CPU
		{41178CF5-8CD7-42B3-9841-F2F20B31CF6A}.Release|x86.Build.0 = Release|Any CPU
		{EFF23E89-E8F1-4D5E-AD52-D45D198B48E6}.Debug|Any CPU.ActiveCfg = Debug|Any CPU
		{EFF23E89-E8F1-4D5E-AD52-D45D198B48E6}.Debug|Any CPU.Build.0 = Debug|Any CPU
		{EFF23E89-E8F1-4D5E-AD52-D45D198B48E6}.Debug|x64.ActiveCfg = Debug|Any CPU
		{EFF23E89-E8F1-4D5E-AD52-D45D198B48E6}.Debug|x64.Build.0 = Debug|Any CPU
		{EFF23E89-E8F1-4D5E-AD52-D45D198B48E6}.Debug|x86.ActiveCfg = Debug|Any CPU
		{EFF23E89-E8F1-4D5E-AD52-D45D198B48E6}.Debug|x86.Build.0 = Debug|Any CPU
		{EFF23E89-E8F1-4D5E-AD52-D45D198B48E6}.Release|Any CPU.ActiveCfg = Release|Any CPU
		{EFF23E89-E8F1-4D5E-AD52-D45D198B48E6}.Release|Any CPU.Build.0 = Release|Any CPU
		{EFF23E89-E8F1-4D5E-AD52-D45D198B48E6}.Release|x64.ActiveCfg = Release|Any CPU
		{EFF23E89-E8F1-4D5E-AD52-D45D198B48E6}.Release|x64.Build.0 = Release|Any CPU
		{EFF23E89-E8F1-4D5E-AD52-D45D198B48E6}.Release|x86.ActiveCfg = Release|Any CPU
		{EFF23E89-E8F1-4D5E-AD52-D45D198B48E6}.Release|x86.Build.0 = Release|Any CPU
	EndGlobalSection
	GlobalSection(SolutionProperties) = preSolution
		HideSolutionNode = FALSE
	EndGlobalSection
	GlobalSection(NestedProjects) = preSolution
		{16A7A9C7-5746-467F-8EB9-BDE92AF26B74} = {827E0CD3-B72D-47B6-A68D-7590B98EB39B}
		{570D29F6-844C-4E14-BA2F-5E7C1E509221} = {827E0CD3-B72D-47B6-A68D-7590B98EB39B}
		{9A276F11-9F9D-4625-91B6-5E1CC4070219} = {827E0CD3-B72D-47B6-A68D-7590B98EB39B}
		{6BF24300-F56D-458E-B6BB-6F6D529DA4C9} = {827E0CD3-B72D-47B6-A68D-7590B98EB39B}
		{96D8F26C-C0D3-4473-954B-17A1ADA5A7CB} = {827E0CD3-B72D-47B6-A68D-7590B98EB39B}
		{3476FB0D-933D-4A84-9F3C-7C0B6AFFD65C} = {827E0CD3-B72D-47B6-A68D-7590B98EB39B}
		{92D76E4A-179D-4644-9044-BFF18DAD3E54} = {0AB3BF05-4346-4AA6-1389-037BE0695223}
		{41178CF5-8CD7-42B3-9841-F2F20B31CF6A} = {0AB3BF05-4346-4AA6-1389-037BE0695223}
		{EFF23E89-E8F1-4D5E-AD52-D45D198B48E6} = {0AB3BF05-4346-4AA6-1389-037BE0695223}
	EndGlobalSection
EndGlobal
